
Microsoft Visual Studio Solution File, Format Version 12.00
# Visual Studio 15
VisualStudioVersion = 15.0.28010.2046
MinimumVisualStudioVersion = 10.0.40219.1
Project("{8BC9CEB8-8B4A-11D0-8D11-00A0C91BC942}") = "SW-FinalClean_Plus", "SW-FinalClean_Plus\SW-FinalClean_Plus.vcxproj", "{2BED7159-457A-4979-8B9B-6112CF3A37E4}"
EndProject
Global
	GlobalSection(SolutionConfigurationPlatforms) = preSolution
		Debug|x64 = Debug|x64
		Debug|x86 = Debug|x86
		Release|x64 = Release|x64
		Release|x86 = Release|x86
	EndGlobalSection
	GlobalSection(ProjectConfigurationPlatforms) = postSolution
		{2BED7159-457A-4979-8B9B-6112CF3A37E4}.Debug|x64.ActiveCfg = Debug|x64
		{2BED7159-457A-4979-8B9B-6112CF3A37E4}.Debug|x64.Build.0 = Debug|x64
		{2BED7159-457A-4979-8B9B-6112CF3A37E4}.Debug|x86.ActiveCfg = Debug|Win32
		{2BED7159-457A-4979-8B9B-6112CF3A37E4}.Debug|x86.Build.0 = Debug|Win32
		{2BED7159-457A-4979-8B9B-6112CF3A37E4}.Release|x64.ActiveCfg = Release|x64
		{2BED7159-457A-4979-8B9B-6112CF3A37E4}.Release|x64.Build.0 = Release|x64
		{2BED7159-457A-4979-8B9B-6112CF3A37E4}.Release|x86.ActiveCfg = Release|Win32
		{2BED7159-457A-4979-8B9B-6112CF3A37E4}.Release|x86.Build.0 = Release|Win32
	EndGlobalSection
	GlobalSection(SolutionProperties) = preSolution
		HideSolutionNode = FALSE
	EndGlobalSection
	GlobalSection(ExtensibilityGlobals) = postSolution
		SolutionGuid = {42B54228-9983-4A52-B4FF-D53B878E9B30}
	EndGlobalSection
EndGlobal
